// !$*UTF8*$!
{
	archiveVersion = 1;
	classes = {
	};
	objectVersion = 56;
	objects = {

/* Begin PBXBuildFile section */
		3B0572AF2902B43A0068EEB0 /* RelatedRecipies.swift in Sources */ = {isa = PBXBuildFile; fileRef = 3B0572AE2902B43A0068EEB0 /* RelatedRecipies.swift */; };
		3B06A52D29012DCC00D64155 /* MagnApp.swift in Sources */ = {isa = PBXBuildFile; fileRef = 3B06A52C29012DCC00D64155 /* MagnApp.swift */; };
		3B06A52F29012DCC00D64155 /* ContentView.swift in Sources */ = {isa = PBXBuildFile; fileRef = 3B06A52E29012DCC00D64155 /* ContentView.swift */; };
		3B06A53129012DCD00D64155 /* Assets.xcassets in Resources */ = {isa = PBXBuildFile; fileRef = 3B06A53029012DCD00D64155 /* Assets.xcassets */; };
		3B06A53429012DCD00D64155 /* Preview Assets.xcassets in Resources */ = {isa = PBXBuildFile; fileRef = 3B06A53329012DCD00D64155 /* Preview Assets.xcassets */; };
		3B7911762906A38200B58D6E /* Home.swift in Sources */ = {isa = PBXBuildFile; fileRef = 3B7911752906A38200B58D6E /* Home.swift */; };
		3B79117A2906B19000B58D6E /* Utils.swift in Sources */ = {isa = PBXBuildFile; fileRef = 3B7911792906B19000B58D6E /* Utils.swift */; };
		3B95769E290A81F7009E7957 /* RecipeData.swift in Sources */ = {isa = PBXBuildFile; fileRef = 3B95769D290A81F7009E7957 /* RecipeData.swift */; };
		3B9576A0290A8202009E7957 /* Recipe.swift in Sources */ = {isa = PBXBuildFile; fileRef = 3B95769F290A8202009E7957 /* Recipe.swift */; };
		3B9576A2290A8244009E7957 /* Step.swift in Sources */ = {isa = PBXBuildFile; fileRef = 3B9576A1290A8244009E7957 /* Step.swift */; };
		3B9576A4290A825A009E7957 /* Allergen.swift in Sources */ = {isa = PBXBuildFile; fileRef = 3B9576A3290A825A009E7957 /* Allergen.swift */; };
		3B9576A6290BC8A7009E7957 /* StepsView.swift in Sources */ = {isa = PBXBuildFile; fileRef = 3B9576A5290BC8A7009E7957 /* StepsView.swift */; };
		CB3EF894290D81C200574CA5 /* RecipePreview.swift in Sources */ = {isa = PBXBuildFile; fileRef = CB3EF893290D81C200574CA5 /* RecipePreview.swift */; };
		CB3EF896290D81CD00574CA5 /* RecipeSteps.swift in Sources */ = {isa = PBXBuildFile; fileRef = CB3EF895290D81CD00574CA5 /* RecipeSteps.swift */; };
/* End PBXBuildFile section */

/* Begin PBXFileReference section */
		3B0572AE2902B43A0068EEB0 /* RelatedRecipies.swift */ = {isa = PBXFileReference; lastKnownFileType = sourcecode.swift; path = RelatedRecipies.swift; sourceTree = "<group>"; };
		3B06A52929012DCC00D64155 /* Magn.app */ = {isa = PBXFileReference; explicitFileType = wrapper.application; includeInIndex = 0; path = Magn.app; sourceTree = BUILT_PRODUCTS_DIR; };
		3B06A52C29012DCC00D64155 /* MagnApp.swift */ = {isa = PBXFileReference; lastKnownFileType = sourcecode.swift; path = MagnApp.swift; sourceTree = "<group>"; };
		3B06A52E29012DCC00D64155 /* ContentView.swift */ = {isa = PBXFileReference; lastKnownFileType = sourcecode.swift; path = ContentView.swift; sourceTree = "<group>"; };
		3B06A53029012DCD00D64155 /* Assets.xcassets */ = {isa = PBXFileReference; lastKnownFileType = folder.assetcatalog; path = Assets.xcassets; sourceTree = "<group>"; };
		3B06A53329012DCD00D64155 /* Preview Assets.xcassets */ = {isa = PBXFileReference; lastKnownFileType = folder.assetcatalog; path = "Preview Assets.xcassets"; sourceTree = "<group>"; };
		3B7911752906A38200B58D6E /* Home.swift */ = {isa = PBXFileReference; lastKnownFileType = sourcecode.swift; path = Home.swift; sourceTree = "<group>"; };
		3B7911792906B19000B58D6E /* Utils.swift */ = {isa = PBXFileReference; lastKnownFileType = sourcecode.swift; path = Utils.swift; sourceTree = "<group>"; };
		3B95769D290A81F7009E7957 /* RecipeData.swift */ = {isa = PBXFileReference; lastKnownFileType = sourcecode.swift; path = RecipeData.swift; sourceTree = "<group>"; };
		3B95769F290A8202009E7957 /* Recipe.swift */ = {isa = PBXFileReference; lastKnownFileType = sourcecode.swift; path = Recipe.swift; sourceTree = "<group>"; };
		3B9576A1290A8244009E7957 /* Step.swift */ = {isa = PBXFileReference; lastKnownFileType = sourcecode.swift; path = Step.swift; sourceTree = "<group>"; };
		3B9576A3290A825A009E7957 /* Allergen.swift */ = {isa = PBXFileReference; lastKnownFileType = sourcecode.swift; path = Allergen.swift; sourceTree = "<group>"; };
		3B9576A5290BC8A7009E7957 /* StepsView.swift */ = {isa = PBXFileReference; lastKnownFileType = sourcecode.swift; path = StepsView.swift; sourceTree = "<group>"; };
		3B9576A7290BD3AC009E7957 /* Info.plist */ = {isa = PBXFileReference; lastKnownFileType = text.plist; path = Info.plist; sourceTree = "<group>"; };
		CB3EF893290D81C200574CA5 /* RecipePreview.swift */ = {isa = PBXFileReference; lastKnownFileType = sourcecode.swift; path = RecipePreview.swift; sourceTree = "<group>"; };
		CB3EF895290D81CD00574CA5 /* RecipeSteps.swift */ = {isa = PBXFileReference; lastKnownFileType = sourcecode.swift; path = RecipeSteps.swift; sourceTree = "<group>"; };
/* End PBXFileReference section */

/* Begin PBXFrameworksBuildPhase section */
		3B06A52629012DCC00D64155 /* Frameworks */ = {
			isa = PBXFrameworksBuildPhase;
			buildActionMask = 2147483647;
			files = (
			);
			runOnlyForDeploymentPostprocessing = 0;
		};
/* End PBXFrameworksBuildPhase section */

/* Begin PBXGroup section */
		3B06A52029012DCC00D64155 = {
			isa = PBXGroup;
			children = (
				3B06A52B29012DCC00D64155 /* Magn */,
				3B06A52A29012DCC00D64155 /* Products */,
			);
			sourceTree = "<group>";
		};
		3B06A52A29012DCC00D64155 /* Products */ = {
			isa = PBXGroup;
			children = (
				3B06A52929012DCC00D64155 /* Magn.app */,
			);
			name = Products;
			sourceTree = "<group>";
		};
		3B06A52B29012DCC00D64155 /* Magn */ = {
			isa = PBXGroup;
			children = (
				CB3EF892290D81AD00574CA5 /* Steps */,
				3B9576A7290BD3AC009E7957 /* Info.plist */,
				3B7911722906940F00B58D6E /* Models */,
				3B7911712906940600B58D6E /* Views */,
				3B06A52C29012DCC00D64155 /* MagnApp.swift */,
				3B06A53029012DCD00D64155 /* Assets.xcassets */,
				3B06A53229012DCD00D64155 /* Preview Content */,
			);
			path = Magn;
			sourceTree = "<group>";
		};
		3B06A53229012DCD00D64155 /* Preview Content */ = {
			isa = PBXGroup;
			children = (
				3B06A53329012DCD00D64155 /* Preview Assets.xcassets */,
			);
			path = "Preview Content";
			sourceTree = "<group>";
		};
		3B7911712906940600B58D6E /* Views */ = {
			isa = PBXGroup;
			children = (
				3B0572AE2902B43A0068EEB0 /* RelatedRecipies.swift */,
				3B06A52E29012DCC00D64155 /* ContentView.swift */,
				3B7911752906A38200B58D6E /* Home.swift */,
				3B7911792906B19000B58D6E /* Utils.swift */,
				3B9576A5290BC8A7009E7957 /* StepsView.swift */,
			);
			path = Views;
			sourceTree = "<group>";
		};
		3B7911722906940F00B58D6E /* Models */ = {
			isa = PBXGroup;
			children = (
				3B95769D290A81F7009E7957 /* RecipeData.swift */,
				3B95769F290A8202009E7957 /* Recipe.swift */,
				3B9576A1290A8244009E7957 /* Step.swift */,
				3B9576A3290A825A009E7957 /* Allergen.swift */,
			);
			path = Models;
			sourceTree = "<group>";
		};
		CB3EF892290D81AD00574CA5 /* Steps */ = {
			isa = PBXGroup;
			children = (
				CB3EF893290D81C200574CA5 /* RecipePreview.swift */,
				CB3EF895290D81CD00574CA5 /* RecipeSteps.swift */,
			);
			path = Steps;
			sourceTree = "<group>";
		};
/* End PBXGroup section */

/* Begin PBXNativeTarget section */
		3B06A52829012DCC00D64155 /* Magn */ = {
			isa = PBXNativeTarget;
			buildConfigurationList = 3B06A53729012DCD00D64155 /* Build configuration list for PBXNativeTarget "Magn" */;
			buildPhases = (
				3B06A52529012DCC00D64155 /* Sources */,
				3B06A52629012DCC00D64155 /* Frameworks */,
				3B06A52729012DCC00D64155 /* Resources */,
			);
			buildRules = (
			);
			dependencies = (
			);
			name = Magn;
			productName = Magn;
			productReference = 3B06A52929012DCC00D64155 /* Magn.app */;
			productType = "com.apple.product-type.application";
		};
/* End PBXNativeTarget section */

/* Begin PBXProject section */
		3B06A52129012DCC00D64155 /* Project object */ = {
			isa = PBXProject;
			attributes = {
				BuildIndependentTargetsInParallel = 1;
				LastSwiftUpdateCheck = 1400;
				LastUpgradeCheck = 1400;
				TargetAttributes = {
					3B06A52829012DCC00D64155 = {
						CreatedOnToolsVersion = 14.0.1;
					};
				};
			};
			buildConfigurationList = 3B06A52429012DCC00D64155 /* Build configuration list for PBXProject "Magn" */;
			compatibilityVersion = "Xcode 14.0";
			developmentRegion = en;
			hasScannedForEncodings = 0;
			knownRegions = (
				en,
				Base,
			);
			mainGroup = 3B06A52029012DCC00D64155;
			productRefGroup = 3B06A52A29012DCC00D64155 /* Products */;
			projectDirPath = "";
			projectRoot = "";
			targets = (
				3B06A52829012DCC00D64155 /* Magn */,
			);
		};
/* End PBXProject section */

/* Begin PBXResourcesBuildPhase section */
		3B06A52729012DCC00D64155 /* Resources */ = {
			isa = PBXResourcesBuildPhase;
			buildActionMask = 2147483647;
			files = (
				3B06A53429012DCD00D64155 /* Preview Assets.xcassets in Resources */,
				3B06A53129012DCD00D64155 /* Assets.xcassets in Resources */,
			);
			runOnlyForDeploymentPostprocessing = 0;
		};
/* End PBXResourcesBuildPhase section */

/* Begin PBXSourcesBuildPhase section */
		3B06A52529012DCC00D64155 /* Sources */ = {
			isa = PBXSourcesBuildPhase;
			buildActionMask = 2147483647;
			files = (
				3B06A52F29012DCC00D64155 /* ContentView.swift in Sources */,
				3B06A52D29012DCC00D64155 /* MagnApp.swift in Sources */,
				3B9576A2290A8244009E7957 /* Step.swift in Sources */,
				3B95769E290A81F7009E7957 /* RecipeData.swift in Sources */,
				3B7911762906A38200B58D6E /* Home.swift in Sources */,
				CB3EF894290D81C200574CA5 /* RecipePreview.swift in Sources */,
				3B9576A4290A825A009E7957 /* Allergen.swift in Sources */,
				3B0572AF2902B43A0068EEB0 /* RelatedRecipies.swift in Sources */,
				CB3EF896290D81CD00574CA5 /* RecipeSteps.swift in Sources */,
				3B79117A2906B19000B58D6E /* Utils.swift in Sources */,
				3B9576A6290BC8A7009E7957 /* StepsView.swift in Sources */,
				3B9576A0290A8202009E7957 /* Recipe.swift in Sources */,
			);
			runOnlyForDeploymentPostprocessing = 0;
		};
/* End PBXSourcesBuildPhase section */

/* Begin XCBuildConfiguration section */
		3B06A53529012DCD00D64155 /* Debug */ = {
			isa = XCBuildConfiguration;
			buildSettings = {
				ALWAYS_SEARCH_USER_PATHS = NO;
				CLANG_ANALYZER_NONNULL = YES;
				CLANG_ANALYZER_NUMBER_OBJECT_CONVERSION = YES_AGGRESSIVE;
				CLANG_CXX_LANGUAGE_STANDARD = "gnu++20";
				CLANG_ENABLE_MODULES = YES;
				CLANG_ENABLE_OBJC_ARC = YES;
				CLANG_ENABLE_OBJC_WEAK = YES;
				CLANG_WARN_BLOCK_CAPTURE_AUTORELEASING = YES;
				CLANG_WARN_BOOL_CONVERSION = YES;
				CLANG_WARN_COMMA = YES;
				CLANG_WARN_CONSTANT_CONVERSION = YES;
				CLANG_WARN_DEPRECATED_OBJC_IMPLEMENTATIONS = YES;
				CLANG_WARN_DIRECT_OBJC_ISA_USAGE = YES_ERROR;
				CLANG_WARN_DOCUMENTATION_COMMENTS = YES;
				CLANG_WARN_EMPTY_BODY = YES;
				CLANG_WARN_ENUM_CONVERSION = YES;
				CLANG_WARN_INFINITE_RECURSION = YES;
				CLANG_WARN_INT_CONVERSION = YES;
				CLANG_WARN_NON_LITERAL_NULL_CONVERSION = YES;
				CLANG_WARN_OBJC_IMPLICIT_RETAIN_SELF = YES;
				CLANG_WARN_OBJC_LITERAL_CONVERSION = YES;
				CLANG_WARN_OBJC_ROOT_CLASS = YES_ERROR;
				CLANG_WARN_QUOTED_INCLUDE_IN_FRAMEWORK_HEADER = YES;
				CLANG_WARN_RANGE_LOOP_ANALYSIS = YES;
				CLANG_WARN_STRICT_PROTOTYPES = YES;
				CLANG_WARN_SUSPICIOUS_MOVE = YES;
				CLANG_WARN_UNGUARDED_AVAILABILITY = YES_AGGRESSIVE;
				CLANG_WARN_UNREACHABLE_CODE = YES;
				CLANG_WARN__DUPLICATE_METHOD_MATCH = YES;
				COPY_PHASE_STRIP = NO;
				DEBUG_INFORMATION_FORMAT = dwarf;
				ENABLE_STRICT_OBJC_MSGSEND = YES;
				ENABLE_TESTABILITY = YES;
				GCC_C_LANGUAGE_STANDARD = gnu11;
				GCC_DYNAMIC_NO_PIC = NO;
				GCC_NO_COMMON_BLOCKS = YES;
				GCC_OPTIMIZATION_LEVEL = 0;
				GCC_PREPROCESSOR_DEFINITIONS = (
					"DEBUG=1",
					"$(inherited)",
				);
				GCC_WARN_64_TO_32_BIT_CONVERSION = YES;
				GCC_WARN_ABOUT_RETURN_TYPE = YES_ERROR;
				GCC_WARN_UNDECLARED_SELECTOR = YES;
				GCC_WARN_UNINITIALIZED_AUTOS = YES_AGGRESSIVE;
				GCC_WARN_UNUSED_FUNCTION = YES;
				GCC_WARN_UNUSED_VARIABLE = YES;
				IPHONEOS_DEPLOYMENT_TARGET = 16.0;
				MTL_ENABLE_DEBUG_INFO = INCLUDE_SOURCE;
				MTL_FAST_MATH = YES;
				ONLY_ACTIVE_ARCH = YES;
				SDKROOT = iphoneos;
				SWIFT_ACTIVE_COMPILATION_CONDITIONS = DEBUG;
				SWIFT_OPTIMIZATION_LEVEL = "-Onone";
			};
			name = Debug;
		};
		3B06A53629012DCD00D64155 /* Release */ = {
			isa = XCBuildConfiguration;
			buildSettings = {
				ALWAYS_SEARCH_USER_PATHS = NO;
				CLANG_ANALYZER_NONNULL = YES;
				CLANG_ANALYZER_NUMBER_OBJECT_CONVERSION = YES_AGGRESSIVE;
				CLANG_CXX_LANGUAGE_STANDARD = "gnu++20";
				CLANG_ENABLE_MODULES = YES;
				CLANG_ENABLE_OBJC_ARC = YES;
				CLANG_ENABLE_OBJC_WEAK = YES;
				CLANG_WARN_BLOCK_CAPTURE_AUTORELEASING = YES;
				CLANG_WARN_BOOL_CONVERSION = YES;
				CLANG_WARN_COMMA = YES;
				CLANG_WARN_CONSTANT_CONVERSION = YES;
				CLANG_WARN_DEPRECATED_OBJC_IMPLEMENTATIONS = YES;
				CLANG_WARN_DIRECT_OBJC_ISA_USAGE = YES_ERROR;
				CLANG_WARN_DOCUMENTATION_COMMENTS = YES;
				CLANG_WARN_EMPTY_BODY = YES;
				CLANG_WARN_ENUM_CONVERSION = YES;
				CLANG_WARN_INFINITE_RECURSION = YES;
				CLANG_WARN_INT_CONVERSION = YES;
				CLANG_WARN_NON_LITERAL_NULL_CONVERSION = YES;
				CLANG_WARN_OBJC_IMPLICIT_RETAIN_SELF = YES;
				CLANG_WARN_OBJC_LITERAL_CONVERSION = YES;
				CLANG_WARN_OBJC_ROOT_CLASS = YES_ERROR;
				CLANG_WARN_QUOTED_INCLUDE_IN_FRAMEWORK_HEADER = YES;
				CLANG_WARN_RANGE_LOOP_ANALYSIS = YES;
				CLANG_WARN_STRICT_PROTOTYPES = YES;
				CLANG_WARN_SUSPICIOUS_MOVE = YES;
				CLANG_WARN_UNGUARDED_AVAILABILITY = YES_AGGRESSIVE;
				CLANG_WARN_UNREACHABLE_CODE = YES;
				CLANG_WARN__DUPLICATE_METHOD_MATCH = YES;
				COPY_PHASE_STRIP = NO;
				DEBUG_INFORMATION_FORMAT = "dwarf-with-dsym";
				ENABLE_NS_ASSERTIONS = NO;
				ENABLE_STRICT_OBJC_MSGSEND = YES;
				GCC_C_LANGUAGE_STANDARD = gnu11;
				GCC_NO_COMMON_BLOCKS = YES;
				GCC_WARN_64_TO_32_BIT_CONVERSION = YES;
				GCC_WARN_ABOUT_RETURN_TYPE = YES_ERROR;
				GCC_WARN_UNDECLARED_SELECTOR = YES;
				GCC_WARN_UNINITIALIZED_AUTOS = YES_AGGRESSIVE;
				GCC_WARN_UNUSED_FUNCTION = YES;
				GCC_WARN_UNUSED_VARIABLE = YES;
				IPHONEOS_DEPLOYMENT_TARGET = 16.0;
				MTL_ENABLE_DEBUG_INFO = NO;
				MTL_FAST_MATH = YES;
				SDKROOT = iphoneos;
				SWIFT_COMPILATION_MODE = wholemodule;
				SWIFT_OPTIMIZATION_LEVEL = "-O";
				VALIDATE_PRODUCT = YES;
			};
			name = Release;
		};
		3B06A53829012DCD00D64155 /* Debug */ = {
			isa = XCBuildConfiguration;
			buildSettings = {
				ASSETCATALOG_COMPILER_APPICON_NAME = AppIcon;
				ASSETCATALOG_COMPILER_GLOBAL_ACCENT_COLOR_NAME = AccentColor;
				CODE_SIGN_STYLE = Automatic;
				CURRENT_PROJECT_VERSION = 1;
				DEVELOPMENT_ASSET_PATHS = "\"Magn/Preview Content\"";
				DEVELOPMENT_TEAM = Y5P2U42H49;
				ENABLE_PREVIEWS = YES;
				GENERATE_INFOPLIST_FILE = YES;
				INFOPLIST_FILE = Magn/Info.plist;
				INFOPLIST_KEY_UIApplicationSceneManifest_Generation = YES;
				INFOPLIST_KEY_UIApplicationSupportsIndirectInputEvents = YES;
				INFOPLIST_KEY_UILaunchScreen_Generation = YES;
				INFOPLIST_KEY_UISupportedInterfaceOrientations_iPad = "UIInterfaceOrientationPortrait UIInterfaceOrientationPortraitUpsideDown UIInterfaceOrientationLandscapeLeft UIInterfaceOrientationLandscapeRight";
				INFOPLIST_KEY_UISupportedInterfaceOrientations_iPhone = "UIInterfaceOrientationPortrait UIInterfaceOrientationPortrait UIInterfaceOrientationPortrait";
				LD_RUNPATH_SEARCH_PATHS = (
					"$(inherited)",
					"@executable_path/Frameworks",
				);
				MARKETING_VERSION = 1.0;
				PRODUCT_BUNDLE_IDENTIFIER = valerio.mosca.2022.MagnApp;
				PRODUCT_NAME = "$(TARGET_NAME)";
				SWIFT_EMIT_LOC_STRINGS = YES;
				SWIFT_VERSION = 5.0;
				TARGETED_DEVICE_FAMILY = "1,2";
			};
			name = Debug;
		};
		3B06A53929012DCD00D64155 /* Release */ = {
			isa = XCBuildConfiguration;
			buildSettings = {
				ASSETCATALOG_COMPILER_APPICON_NAME = AppIcon;
				ASSETCATALOG_COMPILER_GLOBAL_ACCENT_COLOR_NAME = AccentColor;
				CODE_SIGN_STYLE = Automatic;
				CURRENT_PROJECT_VERSION = 1;
				DEVELOPMENT_ASSET_PATHS = "\"Magn/Preview Content\"";
				DEVELOPMENT_TEAM = Y5P2U42H49;
				ENABLE_PREVIEWS = YES;
				GENERATE_INFOPLIST_FILE = YES;
				INFOPLIST_FILE = Magn/Info.plist;
				INFOPLIST_KEY_UIApplicationSceneManifest_Generation = YES;
				INFOPLIST_KEY_UIApplicationSupportsIndirectInputEvents = YES;
				INFOPLIST_KEY_UILaunchScreen_Generation = YES;
				INFOPLIST_KEY_UISupportedInterfaceOrientations_iPad = "UIInterfaceOrientationPortrait UIInterfaceOrientationPortraitUpsideDown UIInterfaceOrientationLandscapeLeft UIInterfaceOrientationLandscapeRight";
				INFOPLIST_KEY_UISupportedInterfaceOrientations_iPhone = "UIInterfaceOrientationPortrait UIInterfaceOrientationPortrait UIInterfaceOrientationPortrait";
				LD_RUNPATH_SEARCH_PATHS = (
					"$(inherited)",
					"@executable_path/Frameworks",
				);
				MARKETING_VERSION = 1.0;
				PRODUCT_BUNDLE_IDENTIFIER = valerio.mosca.2022.MagnApp;
				PRODUCT_NAME = "$(TARGET_NAME)";
				SWIFT_EMIT_LOC_STRINGS = YES;
				SWIFT_VERSION = 5.0;
				TARGETED_DEVICE_FAMILY = "1,2";
			};
			name = Release;
		};
/* End XCBuildConfiguration section */

/* Begin XCConfigurationList section */
		3B06A52429012DCC00D64155 /* Build configuration list for PBXProject "Magn" */ = {
			isa = XCConfigurationList;
			buildConfigurations = (
				3B06A53529012DCD00D64155 /* Debug */,
				3B06A53629012DCD00D64155 /* Release */,
			);
			defaultConfigurationIsVisible = 0;
			defaultConfigurationName = Release;
		};
		3B06A53729012DCD00D64155 /* Build configuration list for PBXNativeTarget "Magn" */ = {
			isa = XCConfigurationList;
			buildConfigurations = (
				3B06A53829012DCD00D64155 /* Debug */,
				3B06A53929012DCD00D64155 /* Release */,
			);
			defaultConfigurationIsVisible = 0;
			defaultConfigurationName = Release;
		};
/* End XCConfigurationList section */
	};
	rootObject = 3B06A52129012DCC00D64155 /* Project object */;
}
